
Microsoft Visual Studio Solution File, Format Version 12.00
# Visual Studio Version 16
VisualStudioVersion = 16.0.33214.272
MinimumVisualStudioVersion = 10.0.40219.1
Project("{FAE04EC0-301F-11D3-BF4B-00C04F79EFBC}") = "NBA Tickets Retail", "NBA Tickets Retail.csproj", "{16979BC3-B4F8-4E9B-8FD2-30AC9AEEE55B}"
EndProject
Project("{2150E333-8FDC-42A3-9474-1A3956D46DE8}") = "Solution Items", "Solution Items", "{BF6D1061-CA8E-471F-AF18-E3891E67A109}"
	ProjectSection(SolutionItems) = preProject
		.editorconfig = .editorconfig
	EndProjectSection
EndProject
Global
	GlobalSection(SolutionConfigurationPlatforms) = preSolution
		Debug|Any CPU = Debug|Any CPU
		Release|Any CPU = Release|Any CPU
	EndGlobalSection
	GlobalSection(ProjectConfigurationPlatforms) = postSolution
		{16979BC3-B4F8-4E9B-8FD2-30AC9AEEE55B}.Debug|Any CPU.ActiveCfg = Debug|Any CPU
		{16979BC3-B4F8-4E9B-8FD2-30AC9AEEE55B}.Debug|Any CPU.Build.0 = Debug|Any CPU
		{16979BC3-B4F8-4E9B-8FD2-30AC9AEEE55B}.Release|Any CPU.ActiveCfg = Release|Any CPU
		{16979BC3-B4F8-4E9B-8FD2-30AC9AEEE55B}.Release|Any CPU.Build.0 = Release|Any CPU
	EndGlobalSection
	GlobalSection(SolutionProperties) = preSolution
		HideSolutionNode = FALSE
	EndGlobalSection
	GlobalSection(ExtensibilityGlobals) = postSolution
		SolutionGuid = {C43FCE10-A432-4DCA-8DCF-ACB42D34E2A9}
	EndGlobalSection
EndGlobal
